
Microsoft Visual Studio Solution File, Format Version 12.00
# Visual Studio 2015
Project("{FAE04EC0-301F-11D3-BF4B-00C04F79EFBC}") = "3DPlatformGame.CSharp.Plugins", "3DPlatformGame.CSharp.Plugins.csproj", "{D5A62E39-06D3-7A9E-92A0-B265521BB31A}"
EndProject
Project("{FAE04EC0-301F-11D3-BF4B-00C04F79EFBC}") = "3DPlatformGame.CSharp", "3DPlatformGame.CSharp.csproj", "{DBF0C173-062D-7E33-7C37-DDF4F60F1CE2}"
EndProject
Project("{FAE04EC0-301F-11D3-BF4B-00C04F79EFBC}") = "3DPlatformGame.CSharp.Editor", "3DPlatformGame.CSharp.Editor.csproj", "{ACABA48B-FFAC-671C-CA55-EC1CDC4FF9A0}"
EndProject
Global
	GlobalSection(SolutionConfigurationPlatforms) = preSolution
		Debug|Any CPU = Debug|Any CPU
		Release|Any CPU = Release|Any CPU
	EndGlobalSection
	GlobalSection(ProjectConfigurationPlatforms) = postSolution
		{D5A62E39-06D3-7A9E-92A0-B265521BB31A}.Debug|Any CPU.ActiveCfg = Debug|Any CPU
		{D5A62E39-06D3-7A9E-92A0-B265521BB31A}.Debug|Any CPU.Build.0 = Debug|Any CPU
		{D5A62E39-06D3-7A9E-92A0-B265521BB31A}.Release|Any CPU.ActiveCfg = Release|Any CPU
		{D5A62E39-06D3-7A9E-92A0-B265521BB31A}.Release|Any CPU.Build.0 = Release|Any CPU
		{DBF0C173-062D-7E33-7C37-DDF4F60F1CE2}.Debug|Any CPU.ActiveCfg = Debug|Any CPU
		{DBF0C173-062D-7E33-7C37-DDF4F60F1CE2}.Debug|Any CPU.Build.0 = Debug|Any CPU
		{DBF0C173-062D-7E33-7C37-DDF4F60F1CE2}.Release|Any CPU.ActiveCfg = Release|Any CPU
		{DBF0C173-062D-7E33-7C37-DDF4F60F1CE2}.Release|Any CPU.Build.0 = Release|Any CPU
		{ACABA48B-FFAC-671C-CA55-EC1CDC4FF9A0}.Debug|Any CPU.ActiveCfg = Debug|Any CPU
		{ACABA48B-FFAC-671C-CA55-EC1CDC4FF9A0}.Debug|Any CPU.Build.0 = Debug|Any CPU
		{ACABA48B-FFAC-671C-CA55-EC1CDC4FF9A0}.Release|Any CPU.ActiveCfg = Release|Any CPU
		{ACABA48B-FFAC-671C-CA55-EC1CDC4FF9A0}.Release|Any CPU.Build.0 = Release|Any CPU
	EndGlobalSection
	GlobalSection(SolutionProperties) = preSolution
		HideSolutionNode = FALSE
	EndGlobalSection
EndGlobal
