
Microsoft Visual Studio Solution File, Format Version 12.00
# Visual Studio 2015
Project("{FAE04EC0-301F-11D3-BF4B-00C04F79EFBC}") = "3DPlatform.CSharp.Plugins", "3DPlatform.CSharp.Plugins.csproj", "{C1C4C547-A130-7903-34A3-E57D00F629E3}"
EndProject
Project("{FAE04EC0-301F-11D3-BF4B-00C04F79EFBC}") = "3DPlatform.CSharp", "3DPlatform.CSharp.csproj", "{43744C37-6612-8597-4A6F-2D2953D31161}"
EndProject
Project("{FAE04EC0-301F-11D3-BF4B-00C04F79EFBC}") = "3DPlatform.CSharp.Editor", "3DPlatform.CSharp.Editor.csproj", "{C6925CBA-9F4A-540B-5E5F-9E860BF8C76E}"
EndProject
Global
	GlobalSection(SolutionConfigurationPlatforms) = preSolution
		Debug|Any CPU = Debug|Any CPU
		Release|Any CPU = Release|Any CPU
	EndGlobalSection
	GlobalSection(ProjectConfigurationPlatforms) = postSolution
		{C1C4C547-A130-7903-34A3-E57D00F629E3}.Debug|Any CPU.ActiveCfg = Debug|Any CPU
		{C1C4C547-A130-7903-34A3-E57D00F629E3}.Debug|Any CPU.Build.0 = Debug|Any CPU
		{C1C4C547-A130-7903-34A3-E57D00F629E3}.Release|Any CPU.ActiveCfg = Release|Any CPU
		{C1C4C547-A130-7903-34A3-E57D00F629E3}.Release|Any CPU.Build.0 = Release|Any CPU
		{43744C37-6612-8597-4A6F-2D2953D31161}.Debug|Any CPU.ActiveCfg = Debug|Any CPU
		{43744C37-6612-8597-4A6F-2D2953D31161}.Debug|Any CPU.Build.0 = Debug|Any CPU
		{43744C37-6612-8597-4A6F-2D2953D31161}.Release|Any CPU.ActiveCfg = Release|Any CPU
		{43744C37-6612-8597-4A6F-2D2953D31161}.Release|Any CPU.Build.0 = Release|Any CPU
		{C6925CBA-9F4A-540B-5E5F-9E860BF8C76E}.Debug|Any CPU.ActiveCfg = Debug|Any CPU
		{C6925CBA-9F4A-540B-5E5F-9E860BF8C76E}.Debug|Any CPU.Build.0 = Debug|Any CPU
		{C6925CBA-9F4A-540B-5E5F-9E860BF8C76E}.Release|Any CPU.ActiveCfg = Release|Any CPU
		{C6925CBA-9F4A-540B-5E5F-9E860BF8C76E}.Release|Any CPU.Build.0 = Release|Any CPU
	EndGlobalSection
	GlobalSection(SolutionProperties) = preSolution
		HideSolutionNode = FALSE
	EndGlobalSection
EndGlobal
